
Microsoft Visual Studio Solution File, Format Version 12.00
# Visual Studio Version 17
VisualStudioVersion = 17.2.32526.322
MinimumVisualStudioVersion = 10.0.40219.1
Project("{9A19103F-16F7-4668-BE54-9A1E7A4F7556}") = "API", "API\API.csproj", "{A6731E37-D0CF-4205-93E7-C2A6A9AE7937}"
EndProject
Project("{9A19103F-16F7-4668-BE54-9A1E7A4F7556}") = "DataAccess", "DataAccess\DataAccess.csproj", "{8946D5E3-A2C3-4C61-9B80-14D8883B4451}"
EndProject
Project("{9A19103F-16F7-4668-BE54-9A1E7A4F7556}") = "IdentityServer", "IdentityServer\IdentityServer.csproj", "{BF987864-FCAC-40C2-B5DF-B56599CCB544}"
EndProject
Project("{9A19103F-16F7-4668-BE54-9A1E7A4F7556}") = "Client", "Client\Client.csproj", "{5C85FEE2-8281-4604-A326-946E079A52AE}"
EndProject
Global
	GlobalSection(SolutionConfigurationPlatforms) = preSolution
		Debug|Any CPU = Debug|Any CPU
		Release|Any CPU = Release|Any CPU
	EndGlobalSection
	GlobalSection(ProjectConfigurationPlatforms) = postSolution
		{A6731E37-D0CF-4205-93E7-C2A6A9AE7937}.Debug|Any CPU.ActiveCfg = Debug|Any CPU
		{A6731E37-D0CF-4205-93E7-C2A6A9AE7937}.Debug|Any CPU.Build.0 = Debug|Any CPU
		{A6731E37-D0CF-4205-93E7-C2A6A9AE7937}.Release|Any CPU.ActiveCfg = Release|Any CPU
		{A6731E37-D0CF-4205-93E7-C2A6A9AE7937}.Release|Any CPU.Build.0 = Release|Any CPU
		{8946D5E3-A2C3-4C61-9B80-14D8883B4451}.Debug|Any CPU.ActiveCfg = Debug|Any CPU
		{8946D5E3-A2C3-4C61-9B80-14D8883B4451}.Debug|Any CPU.Build.0 = Debug|Any CPU
		{8946D5E3-A2C3-4C61-9B80-14D8883B4451}.Release|Any CPU.ActiveCfg = Release|Any CPU
		{8946D5E3-A2C3-4C61-9B80-14D8883B4451}.Release|Any CPU.Build.0 = Release|Any CPU
		{BF987864-FCAC-40C2-B5DF-B56599CCB544}.Debug|Any CPU.ActiveCfg = Debug|Any CPU
		{BF987864-FCAC-40C2-B5DF-B56599CCB544}.Debug|Any CPU.Build.0 = Debug|Any CPU
		{BF987864-FCAC-40C2-B5DF-B56599CCB544}.Release|Any CPU.ActiveCfg = Release|Any CPU
		{BF987864-FCAC-40C2-B5DF-B56599CCB544}.Release|Any CPU.Build.0 = Release|Any CPU
		{5C85FEE2-8281-4604-A326-946E079A52AE}.Debug|Any CPU.ActiveCfg = Debug|Any CPU
		{5C85FEE2-8281-4604-A326-946E079A52AE}.Debug|Any CPU.Build.0 = Debug|Any CPU
		{5C85FEE2-8281-4604-A326-946E079A52AE}.Release|Any CPU.ActiveCfg = Release|Any CPU
		{5C85FEE2-8281-4604-A326-946E079A52AE}.Release|Any CPU.Build.0 = Release|Any CPU
	EndGlobalSection
	GlobalSection(SolutionProperties) = preSolution
		HideSolutionNode = FALSE
	EndGlobalSection
	GlobalSection(ExtensibilityGlobals) = postSolution
		SolutionGuid = {86E6E362-0572-438E-8EB7-AC82B251DDAF}
	EndGlobalSection
EndGlobal
